
Microsoft Visual Studio Solution File, Format Version 12.00
# Visual Studio Version 17
VisualStudioVersion = 17.8.34112.27
MinimumVisualStudioVersion = 10.0.40219.1
Project("{FAE04EC0-301F-11D3-BF4B-00C04F79EFBC}") = "CosmosDb", "CosmosDb\CosmosDb.csproj", "{5466A28A-F478-4D2A-9B36-444B7B87384F}"
EndProject
Global
	GlobalSection(SolutionConfigurationPlatforms) = preSolution
		Debug|Any CPU = Debug|Any CPU
		Release|Any CPU = Release|Any CPU
	EndGlobalSection
	GlobalSection(ProjectConfigurationPlatforms) = postSolution
		{5466A28A-F478-4D2A-9B36-444B7B87384F}.Debug|Any CPU.ActiveCfg = Debug|Any CPU
		{5466A28A-F478-4D2A-9B36-444B7B87384F}.Debug|Any CPU.Build.0 = Debug|Any CPU
		{5466A28A-F478-4D2A-9B36-444B7B87384F}.Release|Any CPU.ActiveCfg = Release|Any CPU
		{5466A28A-F478-4D2A-9B36-444B7B87384F}.Release|Any CPU.Build.0 = Release|Any CPU
	EndGlobalSection
	GlobalSection(SolutionProperties) = preSolution
		HideSolutionNode = FALSE
	EndGlobalSection
	GlobalSection(ExtensibilityGlobals) = postSolution
		SolutionGuid = {8D314F68-6D47-406E-91B8-E8AD4199993E}
	EndGlobalSection
EndGlobal
